{
    "name": "bloggy-query",
    "version": "0.0.1",
    "lockfileVersion": 2,
    "requires": true,
    "packages": {
        "": {
            "name": "bloggy-query",
            "version": "0.0.1",
            "license": "MIT",
            "dependencies": {
                "linq": "3.2.4"
            },
            "engines": {
                "node": ">= 0.8.0"
            }
        },
        "node_modules/linq": {
            "version": "3.2.4",
            "resolved": "https://registry.npmjs.org/linq/-/linq-3.2.4.tgz",
            "integrity": "sha512-WIgtcH1EHHTXI/Qt/V3JH8D8j46ZiMJu1fynCzhAXtPYDAtV208BRmzpE2EhDq8KhoBAMVRL7KPH1khvHFstlw==",
            "engines": {
                "node": "*"
            }
        }
    },
    "dependencies": {
        "linq": {
            "version": "3.2.4",
            "resolved": "https://registry.npmjs.org/linq/-/linq-3.2.4.tgz",
            "integrity": "sha512-WIgtcH1EHHTXI/Qt/V3JH8D8j46ZiMJu1fynCzhAXtPYDAtV208BRmzpE2EhDq8KhoBAMVRL7KPH1khvHFstlw=="
        }
    }
}
